version = 1
requires-python = "==3.12.*"

[manifest]
members = [
    "futurebench",
    "futureclick-workspace",
    "prediction-engine",
]

[[package]]
name = "ast-serialize"
version = "0.9.0"
source = { registry = "https://pypi.org/simple" }
sdist = { url = "https://files.pythonhosted.org/packages/fd/c0/5bb6885a9608d86ee5712c0d88bc405d3a49f3e44231576e130ea2f53d34/ast_serialize-0.9.0.tar.gz", hash = "sha256:79fe8be1c934aa572940d1811d8dbe4d1b6f22291e3f16755c9b062e9ac92fb7", size = 951293 }
wheels = [
    { url = "https://files.pythonhosted.org/packages/e5/f9/a4af1bf8b35927814c09d90c3965dbfaa75c489ba34372bffafbc2209f40/ast_serialize-0.9.0-cp315-abi3.abi3t-macosx_10_12_x86_64.whl", hash = "sha256:383f56e3ae925f154632458f01b4bfcde3dd382f3ec04f5c7f6d72f76524ff48", size = 1226344 },
    { url = "https://files.pythonhosted.org/packages/1d/6d/d3a95823a803c21f5c9df595a0bb93aada22e7aa22bf875fe00d89422d7f/ast_serialize-0.9.0-cp315-abi3.abi3t-macosx_11_0_arm64.whl", hash = "sha256:b9ef3d4173907bd19aa8f1683be9f06e7862e6cdf2ca6bca3633305c0df32063", size = 1207384 },
    { url = "https://files.pythonhosted.org/packages/f0/97/6e7f46c8455b738609c29d1b7655307a168c4b40ce4c7a2c678c8ed9cf2e/ast_serialize-0.9.0-cp315-abi3.abi3t-manylinux_2_17_aarch64.manylinux2014_aarch64.whl", hash = "sha256:9482672ca8ec09f85cd050a053fb88c30c882c8e20ce7a140d8defe19c0ef2eb", size = 1273139 },
    { url = "https://files.pythonhosted.org/packages/f0/6e/25b70733f061766865cb04d913dc5332037c595796b871d52ab5b569abb8/ast_serialize-0.9.0-cp315-abi3.abi3t-manylinux_2_17_armv7l.manylinux2014_armv7l.whl", hash = "sha256:a6a568d1d489f0669a31aed90ca4845aa7f08e1b8cd5d05e1905dbdc3ae9b2b0", size = 1278242 },
    { url = "https://files.pythonhosted.org/packages/9a/f0/b7820399d9c5a0b7f07c239b6da93d2e21a1b3785137fa00e16528e414b3/ast_serialize-0.9.0-cp315-abi3.abi3t-manylinux_2_17_ppc64le.manylinux2014_ppc64le.whl", hash = "sha256:5a4dd005d4095a13eb312dc712c943c7730f262b000a87df963925328a38ffdb", size = 1541009 },
    { url = "https://files.pythonhosted.org/packages/08/56/5146f1d2a77516e697f6f42825df79137e43560675cb4605c467775f8b4a/ast_serialize-0.9.0-cp315-abi3.abi3t-manylinux_2_17_s390x.manylinux2014_s390x.whl", hash = "sha256:207ac73afa1f4654840593853c130eac2591dd942434176eea33f730afb3359b", size = 1290898 },
    { url = "https://files.pythonhosted.org/packages/69/c4/87cd16228796d703de795a369b90b0f57f0f017f90f55c4c5876e3513a03/ast_serialize-0.9.0-cp315-abi3.abi3t-manylinux_2_17_x86_64.manylinux2014_x86_64.whl", hash = "sha256:9ae01129e2cc5d57a3c434d8a990019de039350310a2e1dd3c9f61311964cf25", size = 1291742 },
    { url = "https://files.pythonhosted.org/packages/cc/eb/13465c297268c5170b2bb746d75f37a8fad44a94a89b593071affc1071d0/ast_serialize-0.9.0-cp315-abi3.abi3t-manylinux_2_31_riscv64.whl", hash = "sha256:4c522377f383670abfe21c94edc3032cb3bd34d8fcacd280fa9556907d4edd4b", size = 1300180 },
    { url = "https://files.pythonhosted.org/packages/0a/a7/10b84c4274b2507b0ed9cc1654058ad64bcedb6ac574753d6a461bc6e204/ast_serialize-0.9.0-cp315-abi3.abi3t-manylinux_2_5_i686.manylinux1_i686.whl", hash = "sha256:4cd886f6e900f5e13f758cb8ef359652e690e4f3f9c257a7269e095940534167", size = 1345857 },
    { url = "https://files.pythonhosted.org/packages/c7/dc/2702182c9773a15de9aabfaf66da7cb87548a56a6bac24f0c9176a4a13c3/ast_serialize-0.9.0-cp315-abi3.abi3t-musllinux_1_2_aarch64.whl", hash = "sha256:f3f0f3359cf0f22bf096b07021ffe6bf0ec88ac8a2cf7ce5f4701af973112faa", size = 1448544 },
    { url = "https://files.pythonhosted.org/packages/59/b5/eeef2124c9563b9861707ef4db91f153f3bb37b3e0cca9543bb88a4e9e53/ast_serialize-0.9.0-cp315-abi3.abi3t-musllinux_1_2_armv7l.whl", hash = "sha256:6c428444656cffbd32c1e76626c6eec5237b58c8fcb0b5d3df75941cd50c4f3c", size = 1551572 },
    { url = "https://files.pythonhosted.org/packages/cc/8c/81d18349f1dffdcfeb80671bd737e342c86348e183692d9d0d8f573d1385/ast_serialize-0.9.0-cp315-abi3.abi3t-musllinux_1_2_i686.whl", hash = "sha256:54f0babed5e2a4eb86a0716ac612aff33f933e7572e5bc067adcdbe672a26321", size = 1548118 },
    { url = "https://files.pythonhosted.org/packages/d4/1f/339131b60d1b0df13d9f3470cfac70f858b5649188ea01b2e7b39caeb720/ast_serialize-0.9.0-cp315-abi3.abi3t-musllinux_1_2_ppc64le.whl", hash = "sha256:1b779fdaee34d19900a5ba5fd6bd4cefe225650081f9de28de256eacee5113c2", size = 1674707 },
    { url = "https://files.pythonhosted.org/packages/18/0a/ca77596fa229d88f96eca180d45dbe8efa11306f8b2b4f4ee301b3fe465f/ast_serialize-0.9.0-cp315-abi3.abi3t-musllinux_1_2_riscv64.whl", hash = "sha256:4db7f524eaa857fbe650cac33b9cedb5ccda14393d40f640b75dfb06aa13c98c", size = 1473618 },
    { url = "https://files.pythonhosted.org/packages/88/5c/6aebeb54dd226b480014ff4488e150aa23b1de3204e2bf3f87de27e6542a/ast_serialize-0.9.0-cp315-abi3.abi3t-musllinux_1_2_x86_64.whl", hash = "sha256:d2a37795a90809da6094825e7063118b4cf723b8701b134973b4566ed8b9ea09", size = 1492025 },
    { url = "https://files.pythonhosted.org/packages/75/e6/c355d470a230f778311c28b80f6d934a497d094139f07230433eea18651b/ast_serialize-0.9.0-cp315-abi3.abi3t-win32.whl", hash = "sha256:4411d1cba9eeecb301365343a7e96813b4a44fcdb20181557867ff7e751804cf", size = 1113010 },
    { url = "https://files.pythonhosted.org/packages/fe/0d/66609ace58564727b68731293cc986c2ea1d5e6ef40e96571e7fb515f0af/ast_serialize-0.9.0-cp315-abi3.abi3t-win_amd64.whl", hash = "sha256:b5c3724faf780e25def89c369eb6340a15dff06ac348160c61781e2373a4cd10", size = 1146404 },
    { url = "https://files.pythonhosted.org/packages/b1/fd/da28e1c85f05fb9976f247d2a3aefce68866cb2939abcbdbddd9a5e3b835/ast_serialize-0.9.0-cp315-abi3.abi3t-win_arm64.whl", hash = "sha256:1de0933a4c1d104d77d6e75f053f5e628b54cf8f9fea809b8250cb04cda07bd3", size = 1118328 },
    { url = "https://files.pythonhosted.org/packages/92/e4/175b0a64d6c96bc1b96598c6474ce8d1ef34e0b774bcf7183f4ce696fb10/ast_serialize-0.9.0-cp39-abi3-macosx_10_12_x86_64.whl", hash = "sha256:dac690f99538d9df0d23ce0299e946add2744b007a36b480a292fe361c82553d", size = 1232635 },
    { url = "https://files.pythonhosted.org/packages/28/0c/d51d8463aca43aaa833fdf1f25134d6cc1b483764896decca61306ad1f6e/ast_serialize-0.9.0-cp39-abi3-macosx_11_0_arm64.whl", hash = "sha256:2223ead73b5a5399d39610cf9c4164ad0b2bf2025226626b87ae15226d93d3f7", size = 1219313 },
    { url = "https://files.pythonhosted.org/packages/ef/19/c88bdc64f86095a9d6ab325ae422b2a5e1395cd63cd8aa539003d4d4ae1d/ast_serialize-0.9.0-cp39-abi3-manylinux_2_17_aarch64.manylinux2014_aarch64.whl", hash = "sha256:6b7c5f5838408fb000d76abd14e886836412b7ec7eccd028dbb5ed5819780008", size = 1279981 },
    { url = "https://files.pythonhosted.org/packages/86/58/a492075826df1753896dc8e8f6ababae4016d8883b670ee3a1c34788b154/ast_serialize-0.9.0-cp39-abi3-manylinux_2_17_armv7l.manylinux2014_armv7l.whl", hash = "sha256:1e05701fde79affa1cc53e391867f9da3eb03fa8501f87354292796b0f8398fd", size = 1286319 },
    { url = "https://files.pythonhosted.org/packages/ae/79/3f6754eaa42fd2a6c36aac066890870cd44cbe0e25f75a67b1b99a2f4d82/ast_serialize-0.9.0-cp39-abi3-manylinux_2_17_ppc64le.manylinux2014_ppc64le.whl", hash = "sha256:d013c36eb2f2ac0cb7d4d0e79918a92ab00fbce8f1542fe47f34a46e06168f82", size = 1551547 },
    { url = "https://files.pythonhosted.org/packages/b1/05/8cfb7caadfaf28febaa6b61d31d778262f87f9366eda4dd9bd07ac940b75/ast_serialize-0.9.0-cp39-abi3-manylinux_2_17_s390x.manylinux2014_s390x.whl", hash = "sha256:19cde5c2110f7b90ab1210a599178524f6c9f34862b20ba2b9aa7832c67bb35d", size = 1302468 },
    { url = "https://files.pythonhosted.org/packages/aa/e2/750a0b136bb02ff8e4a17d65a3a78cd478ee50724704df8215797a226ba3/ast_serialize-0.9.0-cp39-abi3-manylinux_2_17_x86_64.manylinux2014_x86_64.whl", hash = "sha256:1514f4a39704e2e815f9fc675fc13f19f694f212086b520110840782cf3c5295", size = 1300563 },
    { url = "https://files.pythonhosted.org/packages/ab/17/4c0aa852ff1e4f2d6723e8ce827136c1e1febf2845d7941ccc45426778de/ast_serialize-0.9.0-cp39-abi3-manylinux_2_31_riscv64.whl", hash = "sha256:30651ccdec6d23c49ee4711b1a1096d8dbd3be38eecf2f09fdd98a608ce7ac24", size = 1308999 },
    { url = "https://files.pythonhosted.org/packages/4d/1b/6e73d0a29aedb0db30cc68f2557acaac06cd24c9783ccb90f84f89e4ce87/ast_serialize-0.9.0-cp39-abi3-manylinux_2_5_i686.manylinux1_i686.whl", hash = "sha256:d9a46caf5e3f2cd266e8638b2f4ea8bf54cf376f015f8418397b4633fdb38e9b", size = 1358191 },
    { url = "https://files.pythonhosted.org/packages/dc/38/2cf5d552de99e0e9804a16fea73e54d0a7382498adddf57c0f6dc09cbc70/ast_serialize-0.9.0-cp39-abi3-musllinux_1_2_aarch64.whl", hash = "sha256:aed6e413c6c22a23c33c47a01dd2adce01d7a7ed408748e896903f47d0a1aa47", size = 1458944 },
    { url = "https://files.pythonhosted.org/packages/4b/0b/5ef87adf955b6a027f616eb7b55f55a154c35ba600e9dd2d06ad2d30e5c2/ast_serialize-0.9.0-cp39-abi3-musllinux_1_2_armv7l.whl", hash = "sha256:871fb7c5b049897ee137b67efad7fe4545ad270f7eccd970da877833f8e63aa7", size = 1563421 },
    { url = "https://files.pythonhosted.org/packages/81/dd/9ced05a17feeb0f83e84010d80f5a1b7b7aa19e75f0376f4d3780803654c/ast_serialize-0.9.0-cp39-abi3-musllinux_1_2_i686.whl", hash = "sha256:bb378efb5537b43f38660e2e6d6e138a40885cf191d43443bb3ff7ff47e9cd9b", size = 1558536 },
    { url = "https://files.pythonhosted.org/packages/5f/8b/8ad486e44fc7081a2471055befc433dddc2e51c3a88dff141b3026f64602/ast_serialize-0.9.0-cp39-abi3-musllinux_1_2_ppc64le.whl", hash = "sha256:b373beff65b01fcffca5aaad3269ae629f3a998b09efdd3635e48039008a5dec", size = 1682749 },
    { url = "https://files.pythonhosted.org/packages/dd/4c/7c282aba9cfb0b92d79fac45c04e4557d9a7f08d872e5a43577a50867e30/ast_serialize-0.9.0-cp39-abi3-musllinux_1_2_riscv64.whl", hash = "sha256:25c8d517c45cf2b1820fc2af6ac593783654818f79d05646d25d624360678a4e", size = 1482441 },
    { url = "https://files.pythonhosted.org/packages/a4/3a/e45914e8cad81b660915f3784d255460a6384183b76bfc2089fdd79ec7df/ast_serialize-0.9.0-cp39-abi3-musllinux_1_2_x86_64.whl", hash = "sha256:1675dc46578298ae00936164a160997801a6ca2385913150d8d16df634296cf3", size = 1499042 },
    { url = "https://files.pythonhosted.org/packages/99/09/6988921dec19c810beef53539fec2e90ae551cd93853b3303a99fe45f772/ast_serialize-0.9.0-cp39-abi3-win32.whl", hash = "sha256:20fce3885eeff05a3d6afefa845c8168016e3ea1f6fc9cdc84c8db28b863a550", size = 1116391 },
    { url = "https://files.pythonhosted.org/packages/fd/eb/839598a22a1f9af56d39e188451cad93dbcb0ce6539a45ac18fb8bf123fa/ast_serialize-0.9.0-cp39-abi3-win_amd64.whl", hash = "sha256:161914666a21d48b681982146ac0fa4086ef099d91c637cf595387f5f06aa099", size = 1156055 },
    { url = "https://files.pythonhosted.org/packages/0d/45/c7cd8d36d3b506bbd02db5066fae3340284781168f0d08dac25deef5f69d/ast_serialize-0.9.0-cp39-abi3-win_arm64.whl", hash = "sha256:74473258a5c55855d5306c864a5c799fbff03a0f0ea1197346b2b5cc5b4ea48a", size = 1128237 },
]

[[package]]
name = "cloudpickle"
version = "3.1.2"
source = { registry = "https://pypi.org/simple" }
sdist = { url = "https://files.pythonhosted.org/packages/27/fb/576f067976d320f5f0114a8d9fa1215425441bb35627b1993e5afd8111e5/cloudpickle-3.1.2.tar.gz", hash = "sha256:7fda9eb655c9c230dab534f1983763de5835249750e85fbcef43aaa30a9a2414", size = 22330 }
wheels = [
    { url = "https://files.pythonhosted.org/packages/88/39/799be3f2f0f38cc727ee3b4f1445fe6d5e4133064ec2e4115069418a5bb6/cloudpickle-3.1.2-py3-none-any.whl", hash = "sha256:9acb47f6afd73f60dc1df93bb801b472f05ff42fa6c84167d25cb206be1fbf4a", size = 22228 },
]

[[package]]
name = "colorama"
version = "0.4.6"
source = { registry = "https://pypi.org/simple" }
sdist = { url = "https://files.pythonhosted.org/packages/d8/53/6f443c9a4a8358a93a6792e2acffb9d9d5cb0a5cfd8802644b7b1c9a02e4/colorama-0.4.6.tar.gz", hash = "sha256:08695f5cb7ed6e0531a20572697297273c47b8cae5a63ffc6d6ed5c201be6e44", size = 27697 }
wheels = [
    { url = "https://files.pythonhosted.org/packages/d1/d6/3965ed04c63042e047cb6a3e6ed1a63a35087b6a609aa3a15ed8ac56c221/colorama-0.4.6-py2.py3-none-any.whl", hash = "sha256:4f1d9991f5acc0ca119f9d443620b77f9d6b33703e51011c16baf57afb285fc6", size = 25335 },
]

[[package]]
name = "futurebench"
version = "0.1.0"
source = { editable = "research/futurebench" }
dependencies = [
    { name = "numpy" },
    { name = "scikit-learn" },
]

[package.dev-dependencies]
dev = [
    { name = "hatchling" },
    { name = "mypy" },
    { name = "pytest" },
    { name = "ruff" },
]

[package.metadata]
requires-dist = [
    { name = "numpy", specifier = ">=2.1,<3" },
    { name = "scikit-learn", specifier = ">=1.6,<2" },
]

[package.metadata.requires-dev]
dev = [
    { name = "hatchling", specifier = ">=1.27.0" },
    { name = "mypy", specifier = ">=1.14.0" },
    { name = "pytest", specifier = ">=8.3.0" },
    { name = "ruff", specifier = ">=0.9.0" },
]

[[package]]
name = "futureclick-workspace"
version = "0.1.0"
source = { virtual = "." }

[package.dev-dependencies]
dev = [
    { name = "hatchling" },
    { name = "mypy" },
    { name = "pytest" },
    { name = "ruff" },
]

[package.metadata]

[package.metadata.requires-dev]
dev = [
    { name = "hatchling", specifier = ">=1.27.0" },
    { name = "mypy", specifier = ">=1.14.0" },
    { name = "pytest", specifier = ">=8.3.0" },
    { name = "ruff", specifier = ">=0.9.0" },
]

[[package]]
name = "hatchling"
version = "1.32.0"
source = { registry = "https://pypi.org/simple" }
dependencies = [
    { name = "packaging" },
    { name = "pathspec" },
    { name = "pluggy" },
    { name = "tomlkit" },
    { name = "trove-classifiers" },
]
sdist = { url = "https://files.pythonhosted.org/packages/69/08/33331757185504aae48b8d9bd78cec03a76e3aecfb52e549d05a2347c0dd/hatchling-1.32.0.tar.gz", hash = "sha256:0bdbde4a52b06c37e3eca395f85a762bf0ef06fe374fd8ae429dc6be10230f5f", size = 57783 }
wheels = [
    { url = "https://files.pythonhosted.org/packages/a9/84/1798b6d85ecde0e31546004efd25c5de1b1f49250644a60cce460e12593a/hatchling-1.32.0-py3-none-any.whl", hash = "sha256:0e17c9c3b9aa7c625acc8d0f5b622f107d5049af9ecf5ada4de1aada5be7cdbc", size = 78435 },
]

[[package]]
name = "iniconfig"
version = "2.3.0"
source = { registry = "https://pypi.org/simple" }
sdist = { url = "https://files.pythonhosted.org/packages/72/34/14ca021ce8e5dfedc35312d08ba8bf51fdd999c576889fc2c24cb97f4f10/iniconfig-2.3.0.tar.gz", hash = "sha256:c76315c77db068650d49c5b56314774a7804df16fee4402c1f19d6d15d8c4730", size = 20503 }
wheels = [
    { url = "https://files.pythonhosted.org/packages/cb/b1/3846dd7f199d53cb17f49cba7e651e9ce294d8497c8c150530ed11865bb8/iniconfig-2.3.0-py3-none-any.whl", hash = "sha256:f631c04d2c48c52b84d0d0549c99ff3859c98df65b3101406327ecc7d53fbf12", size = 7484 },
]

[[package]]
name = "joblib"
version = "1.6.0"
source = { registry = "https://pypi.org/simple" }
dependencies = [
    { name = "cloudpickle" },
]
sdist = { url = "https://files.pythonhosted.org/packages/d5/1d/537ab090f302b838943a1b56497dd53059b9a9b46a074936470173a2e207/joblib-1.6.0.tar.gz", hash = "sha256:2ccc96785b12046c08fd6d55839c12857831b54a3c1673ffadd2f04bfc4eda03", size = 327903 }
wheels = [
    { url = "https://files.pythonhosted.org/packages/18/53/84099323c2ec4be98d935f63c033ac4151ee83836ca1050ede3b3aadf155/joblib-1.6.0-py3-none-any.whl", hash = "sha256:3dbbf9f6e4b592a2357b854608e980fe6390d131d7a82f011a377ef2ebef7aba", size = 306115 },
]

[[package]]
name = "librt"
version = "0.15.0"
source = { registry = "https://pypi.org/simple" }
sdist = { url = "https://files.pythonhosted.org/packages/36/9b/356320fbae2ac8467e21c5e73e1389c80468e4998c62cc7d3536cc51b614/librt-0.15.0.tar.gz", hash = "sha256:4e66cbe84437497d951b799d3e1551291b6fb3d643820a7014b3655d57a59162", size = 214338 }
wheels = [
    { url = "https://files.pythonhosted.org/packages/ba/39/99c25030e782bdfb7a21be8c05254806a2e4bbb05c8d50c2a2130acbfa05/librt-0.15.0-cp312-cp312-macosx_10_13_x86_64.whl", hash = "sha256:e87bc679f86a99aa3b26e3c78eeb821a247c9a28eae48eaafcc32c3bf4c3bb9e", size = 151021 },
    { url = "https://files.pythonhosted.org/packages/14/43/f4b1bd1b2888798a1409808889a25ea1ba49eaabce7d681ed27734c2df9d/librt-0.15.0-cp312-cp312-macosx_11_0_arm64.whl", hash = "sha256:71599e011ac880e8e45d46047d714871894c7d4ab6f25626f8d4f89da21f368d", size = 155267 },
    { url = "https://files.pythonhosted.org/packages/0c/db/3ad9c965c72f1e1d6beeec44ec10a54e17be8ae042fbb4baade16cbadced/librt-0.15.0-cp312-cp312-manylinux2014_aarch64.manylinux_2_17_aarch64.manylinux_2_28_aarch64.whl", hash = "sha256:c802434092b769b1d613ed2e13fac15fbfce1934a74bd10283b03c0fae231cd1", size = 503136 },
    { url = "https://files.pythonhosted.org/packages/4b/07/5888a6d76acd62ebce66c61b74d94e9370b9c32929f111e487bb6546f8ed/librt-0.15.0-cp312-cp312-manylinux2014_i686.manylinux_2_17_i686.manylinux_2_28_i686.whl", hash = "sha256:5500eeae393a184d14e1f35645962c27129d20c81afa4069e6ef826ebc2b3aaa", size = 496670 },
    { url = "https://files.pythonhosted.org/packages/29/39/ab57cc2f5b276156da02bb7f5a8921bada1cb1993ffec99acf811c602c23/librt-0.15.0-cp312-cp312-manylinux2014_ppc64le.manylinux_2_17_ppc64le.manylinux_2_28_ppc64le.whl", hash = "sha256:6ecfc32dfb46fb7b565bcd6abf9412acf978775a998273d22888a6d7953730dd", size = 513688 },
    { url = "https://files.pythonhosted.org/packages/a7/b9/bdbb0b648b5c2befb031f4c6f3b1dd857415e8fb492a25a3c764a6681e6c/librt-0.15.0-cp312-cp312-manylinux2014_x86_64.manylinux_2_17_x86_64.manylinux_2_28_x86_64.whl", hash = "sha256:89cc46cfd15022e35084355478c9ac809d90b1152222706ac9a7655ec21df6fa", size = 531904 },
    { url = "https://files.pythonhosted.org/packages/93/26/473c2e4b6c104e9e58e27ce95fc8005c8bd4fc36cae4f254371125a92db8/librt-0.15.0-cp312-cp312-manylinux_2_34_riscv64.manylinux_2_39_riscv64.whl", hash = "sha256:d5f51401d102c885b9ca509e62c79b1dbff286e1b9b047fde6f763780789356d", size = 524427 },
    { url = "https://files.pythonhosted.org/packages/26/60/03b3abb82b41714671b907bf6989b228e31e6a8af52dec82b5b0728dc250/librt-0.15.0-cp312-cp312-musllinux_1_2_aarch64.whl", hash = "sha256:cc30523e3f1a23fb7511cc659834a0d01a1042bb9de359bc1c131cc4ec6c9656", size = 543155 },
    { url = "https://files.pythonhosted.org/packages/f2/0e/9bb1f0a4affbd0a1888f4f79dc03ed2a299d9a2c26c59ab2a97dcbf11903/librt-0.15.0-cp312-cp312-musllinux_1_2_i686.whl", hash = "sha256:59fe030d8ae4a57e3fb7756bf35a858de74e04066fc8555c53d0af979132af81", size = 546890 },
    { url = "https://files.pythonhosted.org/packages/dc/84/6937a280d461f7de6e031ffb02edc2b7c3c90d49d630565ce8ff27cbc5f2/librt-0.15.0-cp312-cp312-musllinux_1_2_ppc64le.whl", hash = "sha256:5a6526a2a956bbb1e4ae3568c82e650fc99119c66bb011ea60715744955a2b4d", size = 555163 },
    { url = "https://files.pythonhosted.org/packages/bc/95/2a2853c1ee014bf102116e7f897a04beeaeb2461b45b79af98bdfb95f1ef/librt-0.15.0-cp312-cp312-musllinux_1_2_riscv64.whl", hash = "sha256:85ea21ec6730194d67156b0e0b5430ccb1d61f8b8b907e39b37f9812b74a13f0", size = 535812 },
    { url = "https://files.pythonhosted.org/packages/c9/4c/cf9601c1b4c5f09280acd5d83abdb2e68527a2be8257136eb42304218622/librt-0.15.0-cp312-cp312-musllinux_1_2_x86_64.whl", hash = "sha256:1e47b8ba865d7ede071a91a7163073bbaeb72541f1ef8a07d512c45c7b5007f2", size = 573688 },
    { url = "https://files.pythonhosted.org/packages/47/6d/9ac7cbec46189a7625af4b5acbd25f10d827f4141b2002181848c8418923/librt-0.15.0-cp312-cp312-win32.whl", hash = "sha256:a5207ec414d1c4a2a7231b2086970dc036f94293cdf338190984958a013a42f1", size = 106138 },
    { url = "https://files.pythonhosted.org/packages/38/d0/2ae99c83be86ce23f925ac1aeeedc777e97f427c4a8d190c70d0a16e9a87/librt-0.15.0-cp312-cp312-win_amd64.whl", hash = "sha256:73b30cfa976659b3917c8f6153bdb0591c6a9ec6583599fd24a689b690622022", size = 126974 },
    { url = "https://files.pythonhosted.org/packages/5d/ef/dd24f9635c730b86b87587967dda7516b1845e8b17684603d31607fed598/librt-0.15.0-cp312-cp312-win_arm64.whl", hash = "sha256:a54cf9e0ef47b96af580849db5471142200568ce1e02cbf416addab551369570", size = 112292 },
]

[[package]]
name = "mypy"
version = "2.3.1"
source = { registry = "https://pypi.org/simple" }
dependencies = [
    { name = "ast-serialize" },
    { name = "librt", marker = "platform_python_implementation != 'PyPy'" },
    { name = "mypy-extensions" },
    { name = "pathspec" },
    { name = "typing-extensions" },
]
sdist = { url = "https://files.pythonhosted.org/packages/82/6a/878cc1097d4035f82bd516658d0c528d2a9955bc7b363afcbd0b07fea11b/mypy-2.3.1.tar.gz", hash = "sha256:47c1b1207258513a9d93495f69c8be9de73916186f0e52703e8c461b7a623419", size = 3992554 }
wheels = [
    { url = "https://files.pythonhosted.org/packages/85/da/d6effc4f808a842d91edc22535dc9e799d2ff6e91449168b7f47a0771f54/mypy-2.3.1-cp312-cp312-macosx_11_0_arm64.whl", hash = "sha256:a32bbbb940af990d3be0b8af321c7b6815bb1b3b48142fe7459b9cc5f58959ff", size = 14047547 },
    { url = "https://files.pythonhosted.org/packages/e4/e6/478229701dab76f26485fc8ff5d6f241f393da22447400bbc56f6946aebe/mypy-2.3.1-cp312-cp312-manylinux2014_aarch64.manylinux_2_17_aarch64.manylinux_2_28_aarch64.whl", hash = "sha256:ff715e45b2231a8e85de1d163d1b42791e4d7aab8f5145f85fee1b710b735aff", size = 14216515 },
    { url = "https://files.pythonhosted.org/packages/8d/fe/7c42327a3b21e84681f691982cbfe43f334a3685f3b683b72c376476c4fa/mypy-2.3.1-cp312-cp312-manylinux2014_x86_64.manylinux_2_17_x86_64.manylinux_2_28_x86_64.whl", hash = "sha256:858fc57d3d91fa728e33e7ad71def60fc6272694607b306cd3292db53ae39080", size = 15307789 },
    { url = "https://files.pythonhosted.org/packages/59/f4/7e597edbe01b5a56fa958ce541302dcaabfed979966f1dffedbea0ea0fc2/mypy-2.3.1-cp312-cp312-musllinux_1_2_x86_64.whl", hash = "sha256:851833db876e7b650f93719c74b7879a08e338979c96054fdfc3bfd90a486355", size = 15548831 },
    { url = "https://files.pythonhosted.org/packages/a3/52/cb31e084bc0314a1e384bdd677a4b80e55af04ccac077545e2238b9d320a/mypy-2.3.1-cp312-cp312-win_amd64.whl", hash = "sha256:4c5095a327483591c94e0c8d3ef9e50d4ab1369b541eae007c1f23bc2a41f6bb", size = 11226359 },
    { url = "https://files.pythonhosted.org/packages/7a/47/88fcf6217b43fa2da81a8c2611370af18141536a4f0294bbf98b457d456d/mypy-2.3.1-cp312-cp312-win_arm64.whl", hash = "sha256:bbfe022634a2a195406bd469e888d2eaf193b02ba7e607391cd7640374aaae3b", size = 10214707 },
    { url = "https://files.pythonhosted.org/packages/8e/41/9675c7a1e78edecfba0b79e587a52594c56e189368261dc7b3a7fffb9527/mypy-2.3.1-py3-none-any.whl", hash = "sha256:6ed5c7e3419083268e5c9258bd1c1ef91af44a9e89374dbcaf37b775716e72eb", size = 2754338 },
]

[[package]]
name = "mypy-extensions"
version = "1.1.0"
source = { registry = "https://pypi.org/simple" }
sdist = { url = "https://files.pythonhosted.org/packages/a2/6e/371856a3fb9d31ca8dac321cda606860fa4548858c0cc45d9d1d4ca2628b/mypy_extensions-1.1.0.tar.gz", hash = "sha256:52e68efc3284861e772bbcd66823fde5ae21fd2fdb51c62a211403730b916558", size = 6343 }
wheels = [
    { url = "https://files.pythonhosted.org/packages/79/7b/2c79738432f5c924bef5071f933bcc9efd0473bac3b4aa584a6f7c1c8df8/mypy_extensions-1.1.0-py3-none-any.whl", hash = "sha256:1be4cccdb0f2482337c4743e60421de3a356cd97508abadd57d47403e94f5505", size = 4963 },
]

[[package]]
name = "narwhals"
version = "2.26.0"
source = { registry = "https://pypi.org/simple" }
sdist = { url = "https://files.pythonhosted.org/packages/35/68/5351e34623d253423240ea7de3f8fc74fa8ab14b1ab3c0ec4ac8997413c9/narwhals-2.26.0.tar.gz", hash = "sha256:6b9cadca82f375c7e4cf584fdc86ca25da54827307a9c58f94547ee6104b82dd", size = 686970 }
wheels = [
    { url = "https://files.pythonhosted.org/packages/40/b5/1b84b2c784db76d69442334bc8b8748c840f13ca53be086f4f250ad4a0bc/narwhals-2.26.0-py3-none-any.whl", hash = "sha256:29326d74f107c347fd1009bd58e38d9f7c7c5b51e6de97bc93dbc325d9038b54", size = 474034 },
]

[[package]]
name = "numpy"
version = "2.5.3"
source = { registry = "https://pypi.org/simple" }
sdist = { url = "https://files.pythonhosted.org/packages/13/01/11703282db468b85f6f7b8c7f22d058de5970d5c7e60a3a8aaa313c3de36/numpy-2.5.3.tar.gz", hash = "sha256:df2d5874ff183595a4ba404edd04f6bd9b5505c1d7708573f6a6c17489a67563", size = 20791231 }
wheels = [
    { url = "https://files.pythonhosted.org/packages/d6/50/8fdbb16af64895706a45f06a4068e29db732ec180f3c1375f14123359138/numpy-2.5.3-cp312-cp312-macosx_10_13_x86_64.whl", hash = "sha256:cb189f09db39283b26bfd061ec16189e14f71c6755207f72a0f7540867afe5b9", size = 16994982 },
    { url = "https://files.pythonhosted.org/packages/60/39/789131c1188c078dcb3a1692e72e1e050c68b88ffe72c9ccaac9bcd7a9cd/numpy-2.5.3-cp312-cp312-macosx_11_0_arm64.whl", hash = "sha256:f59a878c33d6b88122d80d239bb3b845d58708750b0cb06a09aebb9b18ec696c", size = 12009327 },
    { url = "https://files.pythonhosted.org/packages/9c/59/a312e95696e5f601914dd8b6dd844692ba61670807417e24b68e337b5c70/numpy-2.5.3-cp312-cp312-macosx_14_0_arm64.whl", hash = "sha256:a72f874bc9e10e4b8f80426fb49716d5141f64442a0c8418065093ec8017fbb0", size = 5445405 },
    { url = "https://files.pythonhosted.org/packages/30/d0/5623a1707ed4fe16e3909fe3cf5ee3da004ae677ad23d83bbf3adf1a6faf/numpy-2.5.3-cp312-cp312-macosx_14_0_x86_64.whl", hash = "sha256:fc36dc566135b5eceec4cf89758fcb719266a019ef07dae1754ae7c9f617ef3e", size = 6783213 },
    { url = "https://files.pythonhosted.org/packages/f1/32/84146fc020ad3c25f805f70ab60da46fe3c540a21369754a7e4369754b6f/numpy-2.5.3-cp312-cp312-manylinux_2_27_aarch64.manylinux_2_28_aarch64.whl", hash = "sha256:76c2c1e6bfa5c84adc6434dfbf013aa92096a7985221762c8f11fedfd20fff58", size = 15687872 },
    { url = "https://files.pythonhosted.org/packages/65/af/aa78d1a88805456e212b65461354cd943197fb9acecc4c90fd12295123a3/numpy-2.5.3-cp312-cp312-manylinux_2_27_x86_64.manylinux_2_28_x86_64.whl", hash = "sha256:b7e18c623bb5c95acb3b3328861272816ba199fb531921c5d6d0b675f1fde9e3", size = 16717410 },
    { url = "https://files.pythonhosted.org/packages/3b/24/faa79d865e69a97ba17473b23a1b74094b2259c03e820c70297293b9ea49/numpy-2.5.3-cp312-cp312-musllinux_1_2_aarch64.whl", hash = "sha256:4f8929ee6c96bfbd7b4ed2032e0c03af86fe1826740ab61ddabf9072d06e57ff", size = 17040975 },
    { url = "https://files.pythonhosted.org/packages/62/4a/8877e629445a7176297dffcaf9c485faa96a95d81728a62521ad55bd4c0f/numpy-2.5.3-cp312-cp312-musllinux_1_2_x86_64.whl", hash = "sha256:b5d93cf48f687479941d12b69c873ad2cc76bbd487f0091c2200636497f34034", size = 18476479 },
    { url = "https://files.pythonhosted.org/packages/c8/db/35e1c2d38b04cbd5b731f9d71495e055e813197669d22b612f11748d2ff9/numpy-2.5.3-cp312-cp312-win32.whl", hash = "sha256:bf63afbe037eb5d2fe87fbcc7778e61da53ebaf21d938a4515aa73b62532a5d4", size = 6133378 },
    { url = "https://files.pythonhosted.org/packages/3c/a1/accf6d4f0c80c5d9ba9735d6b1550e444180599f34dec69ca01360f717ad/numpy-2.5.3-cp312-cp312-win_amd64.whl", hash = "sha256:0a59a421a32580a009e8a1751345bf829631b990dc1794b80514ab722b435def", size = 12567828 },
    { url = "https://files.pythonhosted.org/packages/22/43/1764aff32e4652526ae2f71fa8b3efd8d25c8a3d6926914454e47138ed1e/numpy-2.5.3-cp312-cp312-win_arm64.whl", hash = "sha256:ccb32e0525d29e8b0572eb84c9a57af0e7a4e615726927506f55063c62414034", size = 10485432 },
]

[[package]]
name = "packaging"
version = "26.3"
source = { registry = "https://pypi.org/simple" }
sdist = { url = "https://files.pythonhosted.org/packages/7d/fa/3944b40b07da9ce895c0e6303a5ab7d53da063554f534556b134a54d6093/packaging-26.3.tar.gz", hash = "sha256:94edc256424af38762eb31306eed28beb9f0efc50a8837492c9d6fd6004aed79", size = 313412 }
wheels = [
    { url = "https://files.pythonhosted.org/packages/63/34/ba1c580383c9eada3711951fef0795c80b829a078d72188184bcab9dd527/packaging-26.3-py3-none-any.whl", hash = "sha256:d7193f7c8e4e93f444fde0262bf90af30e16fa0ad0ad44cb553c87339b23cd1c", size = 129956 },
]

[[package]]
name = "pathspec"
version = "1.1.1"
source = { registry = "https://pypi.org/simple" }
sdist = { url = "https://files.pythonhosted.org/packages/5a/82/42f767fc1c1143d6fd36efb827202a2d997a375e160a71eb2888a925aac1/pathspec-1.1.1.tar.gz", hash = "sha256:17db5ecd524104a120e173814c90367a96a98d07c45b2e10c2f3919fff91bf5a", size = 135180 }
wheels = [
    { url = "https://files.pythonhosted.org/packages/f1/d9/7fb5aa316bc299258e68c73ba3bddbc499654a07f151cba08f6153988714/pathspec-1.1.1-py3-none-any.whl", hash = "sha256:a00ce642f577bf7f473932318056212bc4f8bfdf53128c78bbd5af0b9b20b189", size = 57328 },
]

[[package]]
name = "pluggy"
version = "1.6.0"
source = { registry = "https://pypi.org/simple" }
sdist = { url = "https://files.pythonhosted.org/packages/f9/e2/3e91f31a7d2b083fe6ef3fa267035b518369d9511ffab804f839851d2779/pluggy-1.6.0.tar.gz", hash = "sha256:7dcc130b76258d33b90f61b658791dede3486c3e6bfb003ee5c9bfb396dd22f3", size = 69412 }
wheels = [
    { url = "https://files.pythonhosted.org/packages/54/20/4d324d65cc6d9205fabedc306948156824eb9f0ee1633355a8f7ec5c66bf/pluggy-1.6.0-py3-none-any.whl", hash = "sha256:e920276dd6813095e9377c0bc5566d94c932c33b27a3e3945d8389c374dd4746", size = 20538 },
]

[[package]]
name = "prediction-engine"
version = "0.1.0"
source = { editable = "services/prediction-engine" }

[package.dev-dependencies]
dev = [
    { name = "hatchling" },
    { name = "mypy" },
    { name = "pytest" },
    { name = "ruff" },
]

[package.metadata]

[package.metadata.requires-dev]
dev = [
    { name = "hatchling", specifier = ">=1.27.0" },
    { name = "mypy", specifier = ">=1.14.0" },
    { name = "pytest", specifier = ">=8.3.0" },
    { name = "ruff", specifier = ">=0.9.0" },
]

[[package]]
name = "pygments"
version = "2.21.0"
source = { registry = "https://pypi.org/simple" }
sdist = { url = "https://files.pythonhosted.org/packages/49/2e/ced460408999b33da6b31b0021b0f37d329e202d4169aeb164493778f25b/pygments-2.21.0.tar.gz", hash = "sha256:610ca751c9bc2492b38eb9a38a7fbc93edbbb2d7182edaf34e66ae493dee5c8c", size = 5005329 }
wheels = [
    { url = "https://files.pythonhosted.org/packages/71/46/17f022dd3e953bf20a04a028a21ec746d942f8d2af30fa0f124fa0e6a684/pygments-2.21.0-py3-none-any.whl", hash = "sha256:2363c69b61c4a97c838da3b130dcd6468f4848992b21a82f2a63ec34377137d9", size = 1250147 },
]

[[package]]
name = "pytest"
version = "9.1.1"
source = { registry = "https://pypi.org/simple" }
dependencies = [
    { name = "colorama", marker = "sys_platform == 'win32'" },
    { name = "iniconfig" },
    { name = "packaging" },
    { name = "pluggy" },
    { name = "pygments" },
]
sdist = { url = "https://files.pythonhosted.org/packages/e4/47/b9efed96c114afcfa3c9d3fe98a76a1d14c74a9e266d397cf6eb64be5e01/pytest-9.1.1.tar.gz", hash = "sha256:1088fbde8f2b49d95a549a195707afa7a76a3ce9bcadc26b6d71f0ffda5fe313", size = 1636369 }
wheels = [
    { url = "https://files.pythonhosted.org/packages/24/25/1de2678b631f5a49215c6c96fff41ba892b0a34df68d6d80292b1b48aa7f/pytest-9.1.1-py3-none-any.whl", hash = "sha256:37a86b45efb9a47a61a36449063e8e18d0cab3161329fc099eb21783169c4f0c", size = 386536 },
]

[[package]]
name = "ruff"
version = "0.16.6"
source = { registry = "https://pypi.org/simple" }
sdist = { url = "https://files.pythonhosted.org/packages/a4/7c/6adb35d70e7c027e308274557901c7e00fb3407750faf3620c184ae058cb/ruff-0.16.6.tar.gz", hash = "sha256:dcf8a73d2ff77e99dde91244b4da16feba7f14e6beeb4015dee7c5a909e99050", size = 4921251 }
wheels = [
    { url = "https://files.pythonhosted.org/packages/a4/28/9cc1b79639e284ec103f43c88c644db4eb58cbd0ea1ca11f1193435369ac/ruff-0.16.6-py3-none-linux_armv6l.whl", hash = "sha256:61c368c26bf8e973e5ab14a2772de587bc068ea3f9a277f673380749b4898fb8", size = 10015638 },
    { url = "https://files.pythonhosted.org/packages/71/11/627d342ef727ea7794edf74fe23d60a074b02c3acc2e9436684e782286ca/ruff-0.16.6-py3-none-macosx_10_12_x86_64.whl", hash = "sha256:ecf4f068e2e123e43a26e9db4e19524cc56563912404e83bbfca375757e45a32", size = 10220762 },
    { url = "https://files.pythonhosted.org/packages/43/d9/b75668ce41e4c8d073d18d6d08672ba6906ce45d5c06ea4fdb2e84ce3853/ruff-0.16.6-py3-none-macosx_11_0_arm64.whl", hash = "sha256:99b62ea33baf130f50368798d841f0d95527b6d817bf31817b65dd058f1d314c", size = 9835082 },
    { url = "https://files.pythonhosted.org/packages/99/97/123ab10b05cde889c107c20f5a9774955104b5552796a2a8584b089ae8eb/ruff-0.16.6-py3-none-manylinux_2_17_aarch64.manylinux2014_aarch64.whl", hash = "sha256:7fbf89013f2bb3f6835a6038ff658dc8a1b38c98dc8e724b964168ad4e881876", size = 9949304 },
    { url = "https://files.pythonhosted.org/packages/3e/58/a4a2c59dd2e5b85929c912d9cac3056eb9ee8c7e75e9b9fe3e109174966b/ruff-0.16.6-py3-none-manylinux_2_17_armv7l.manylinux2014_armv7l.whl", hash = "sha256:56a67065e22efa6bc4d498299d3bb06c0c90aace8fac2068b5a12f9dc4d8d51d", size = 9840612 },
    { url = "https://files.pythonhosted.org/packages/61/6a/ff8c8626a786c4f49d48ced4a752dadbca65f5263005f9c2416578194694/ruff-0.16.6-py3-none-manylinux_2_17_i686.manylinux2014_i686.whl", hash = "sha256:e25cc89174874b176a157e4428d66761c2c0c006654419bf384f967f361ff1b1", size = 10543465 },
    { url = "https://files.pythonhosted.org/packages/ad/bb/c47535923365f337b82e28192e4e9eef2176511007cfd99a62fc22df5dad/ruff-0.16.6-py3-none-manylinux_2_17_ppc64le.manylinux2014_ppc64le.whl", hash = "sha256:0700580ed5303723cb3c11c2f1d2a8913ce77b7ea86646dddb887f5417a9ba70", size = 11267576 },
    { url = "https://files.pythonhosted.org/packages/ba/50/e5119a5212b5cd63b51e1f4b25e7bd636a6668fc069a3160b108ad7e3c16/ruff-0.16.6-py3-none-manylinux_2_17_s390x.manylinux2014_s390x.whl", hash = "sha256:15f1d0b6e165a6e56567befb6629f8209271311d990bae0f37e6d065035ef5f3", size = 10781993 },
    { url = "https://files.pythonhosted.org/packages/8b/98/083d8b4ef3c51a0d19db84367791cbe9f44e4b53343d19dfa83556e1cd9a/ruff-0.16.6-py3-none-manylinux_2_17_x86_64.manylinux2014_x86_64.whl", hash = "sha256:d72c591a96986ee4268860e2b7235082129ca5e4cb9cbba653a4b57c11893757", size = 10317748 },
    { url = "https://files.pythonhosted.org/packages/9a/29/68f7ff2c5ad95f19f00627ac2de95644e25fe47371ea60b2db1fd952315e/ruff-0.16.6-py3-none-manylinux_2_31_riscv64.whl", hash = "sha256:65a006baa18f33324325814c864daef03541d51564b98c517610ea756ab7003e", size = 10540096 },
    { url = "https://files.pythonhosted.org/packages/c4/f9/79a8f6de85968641d68a7863aeec577551924ef066a990a48ff93167beab/ruff-0.16.6-py3-none-musllinux_1_2_aarch64.whl", hash = "sha256:cd02a7bf1a21a8735228a3e8c95a9dc5cf86bd2a52194f4aaae2a5755b4de0f4", size = 10100494 },
    { url = "https://files.pythonhosted.org/packages/d9/e8/b81a22d9b90c00b892ccf2fa2ac36fa95de4c13ab85aea3e73795cfe4651/ruff-0.16.6-py3-none-musllinux_1_2_armv7l.whl", hash = "sha256:31b36f1e5ad85e0737f09d2be4e512e2e283583c14015da3b9dc07359ac0fc88", size = 9843663 },
    { url = "https://files.pythonhosted.org/packages/39/aa/54f516ec5e5a11c4afdceb1c454ebb054ffb96e4f4a1705580b4346abd35/ruff-0.16.6-py3-none-musllinux_1_2_i686.whl", hash = "sha256:61029b4ab4aa723fd3064fab96b1d814492596bf0c792679fffcbde1e1679953", size = 10282461 },
    { url = "https://files.pythonhosted.org/packages/52/0b/38d0aa8aa32372b96dc44f97b22e576c4147808271aab7b2cb1e353d4445/ruff-0.16.6-py3-none-musllinux_1_2_x86_64.whl", hash = "sha256:9ac8998457832c2061709d900856b7ad271dace0cb41f346588d540162bfa718", size = 10728808 },
    { url = "https://files.pythonhosted.org/packages/5e/e5/9e274e24eeb027640ffc7442f21239f16d17f47acec15ae34f32e03a5c79/ruff-0.16.6-py3-none-win32.whl", hash = "sha256:0b87d9d16fcb63e8018423ca1d50b7260f15cb2da33e30db4baad4183a948c25", size = 10049212 },
    { url = "https://files.pythonhosted.org/packages/22/31/72472449414223ed1a2da236b992adbb1a2ae59e34794574810f60ce068e/ruff-0.16.6-py3-none-win_amd64.whl", hash = "sha256:10d21c51c3495d8eaea7b703a16592117ea6eb1d649e36335aa965ff1173eb39", size = 10556402 },
    { url = "https://files.pythonhosted.org/packages/fc/07/d781f8f8e1ac24bef9f3269cf62ffb1407ca24c3a8f12e5e22874f90528c/ruff-0.16.6-py3-none-win_arm64.whl", hash = "sha256:7a976c79b958f94e50a022a19f0f8c87387448020935ec14fc74331bd0a7f2c5", size = 10412850 },
]

[[package]]
name = "scikit-learn"
version = "1.9.1"
source = { registry = "https://pypi.org/simple" }
dependencies = [
    { name = "joblib" },
    { name = "narwhals" },
    { name = "numpy" },
    { name = "scipy" },
    { name = "threadpoolctl" },
]
sdist = { url = "https://files.pythonhosted.org/packages/d2/eb/eaf5e07fcc0da7149b0e084f24e54edd7441b9a89ce7e034032ae97fe3a0/scikit_learn-1.9.1.tar.gz", hash = "sha256:629cada3e33e2b9bf376cdc7614a47a4140b8aedc1d836579e359736fbd82977", size = 7786908 }
wheels = [
    { url = "https://files.pythonhosted.org/packages/df/a7/25f0a43d2fde306e8ef45f45121192f687b79beaf4bae8c21607c46c5e63/scikit_learn-1.9.1-cp312-cp312-macosx_10_13_x86_64.whl", hash = "sha256:0c0f8b5d09b44101cea2767f300680bada1ea27f976fe4b48b83950a4f55a49a", size = 8775209 },
    { url = "https://files.pythonhosted.org/packages/60/ea/57e57539ce175d774fc291ed091b0a6d756854b92cd92554c6bb4d0ae498/scikit_learn-1.9.1-cp312-cp312-macosx_12_0_arm64.whl", hash = "sha256:8c14ce41d561f7749f990b41d6703fe02c4669fbc485e598e069e0a1967b488e", size = 8295541 },
    { url = "https://files.pythonhosted.org/packages/78/2b/5721a174406bfba49bce20ae997b3b64cf355c3f623a2638284ab6a82156/scikit_learn-1.9.1-cp312-cp312-manylinux_2_27_aarch64.manylinux_2_28_aarch64.whl", hash = "sha256:e4c20a6c017d820faa7ac8c783e3d0c6a9a2e297bf9f55332ca17cdf7fd4d04d", size = 8871592 },
    { url = "https://files.pythonhosted.org/packages/8e/57/a50162f3d29feb979ab6347c6debda506dfb525bcff3c50dd17606651c7e/scikit_learn-1.9.1-cp312-cp312-manylinux_2_27_x86_64.manylinux_2_28_x86_64.whl", hash = "sha256:e5d7b18a5b9dca241a74695f3275fa4c895a9dadc72b3d8df5fa9d1083c9b83e", size = 9166043 },
    { url = "https://files.pythonhosted.org/packages/72/8d/27c054166bac671770d1ea0ef7716134fe8119c0df224a58c89fd735a61c/scikit_learn-1.9.1-cp312-cp312-win_amd64.whl", hash = "sha256:4b59abb30618121cc46b45972d6bf53a7128b4df4cd346c6ca6f4d5f9031e49c", size = 8262238 },
    { url = "https://files.pythonhosted.org/packages/9d/d6/493086006ea0c68ad62c40a8dece1961b61bf503f45400f133d47f56e5be/scikit_learn-1.9.1-cp312-cp312-win_arm64.whl", hash = "sha256:d5945a2908be62350e2978344e62b56c1552c2ca4f844ebf6277c94944d647dd", size = 7902102 },
]

[[package]]
name = "scipy"
version = "1.18.1"
source = { registry = "https://pypi.org/simple" }
dependencies = [
    { name = "numpy" },
]
sdist = { url = "https://files.pythonhosted.org/packages/7e/74/66de6258867beb2ef08f35f9f2ac017a52cacd5081714d239ff1a442d458/scipy-1.18.1.tar.gz", hash = "sha256:52c4b7422442aba924d03ad4019852b08a92e64ea187b933135687bfe2747307", size = 30781235 }
wheels = [
    { url = "https://files.pythonhosted.org/packages/18/f7/240c110c08693826b4513a52f5717d62ec7c7af72f2920821247c03b17b3/scipy-1.18.1-cp312-cp312-macosx_10_15_x86_64.whl", hash = "sha256:457fd7a2a8edeb044ab6ffbc0aa03ff6cd18491356e5e0c834d76ce621b916d1", size = 31111061 },
    { url = "https://files.pythonhosted.org/packages/05/4a/78c6285577c375e7cf27277ea8ee6961224327f1e1a0c44af5f17f23635c/scipy-1.18.1-cp312-cp312-macosx_12_0_arm64.whl", hash = "sha256:e708533e8b2ae2497d65346538a7dcc92814410b25b81432eac66de0f2af8265", size = 28733332 },
    { url = "https://files.pythonhosted.org/packages/a5/f6/a5b82f8abbe14d134691b8b903696f701d25a081353a29dc655c364d9e62/scipy-1.18.1-cp312-cp312-macosx_14_0_arm64.whl", hash = "sha256:7bbf207c4453ce1ad2e00b17313852b33310b83090c2311bdaf97f93c0380d12", size = 20475078 },
    { url = "https://files.pythonhosted.org/packages/23/22/0858a0bbd6b3e825ceb8cd9baf9eaf3b2f2b1d77727eb6be40500bcdc92f/scipy-1.18.1-cp312-cp312-macosx_14_0_x86_64.whl", hash = "sha256:78c0665edead396b1abb4897c41a5c1d9bf090c8a637a4c20a61678e0a264e66", size = 23108904 },
    { url = "https://files.pythonhosted.org/packages/75/9a/2e71719f31eaefe0e3a1706c4a1ded94e664bfd95ffca2b219a671faee01/scipy-1.18.1-cp312-cp312-manylinux_2_27_aarch64.manylinux_2_28_aarch64.whl", hash = "sha256:3c085faa2cfa879c5141df483f836f4d691045a078224a670fa570fa01612d89", size = 34025113 },
    { url = "https://files.pythonhosted.org/packages/df/64/ff35eb9e54894cf471ff4716abd3c81eb0a0626869217ce3e6ba4ccf17d7/scipy-1.18.1-cp312-cp312-manylinux_2_27_x86_64.manylinux_2_28_x86_64.whl", hash = "sha256:f55fa87b6c612ecd6b058f167c53231b1d14e412efe361d3d6e38b3631c73218", size = 35344199 },
    { url = "https://files.pythonhosted.org/packages/d3/af/c5538be1792f7034c12c7db6ee67cace58253c7b87b122d68253eaf5de89/scipy-1.18.1-cp312-cp312-musllinux_1_2_aarch64.whl", hash = "sha256:c35d74ce0e193ff740c2f2be2ac913ddc232fe6c1ff40b26cfecb9c670c63314", size = 35639587 },
    { url = "https://files.pythonhosted.org/packages/91/4c/075e4f66471bac101141ac739e9e135549be1bae584571bd03a530c056e1/scipy-1.18.1-cp312-cp312-musllinux_1_2_x86_64.whl", hash = "sha256:d2924a03db38dc2e848bca2fe9f077dafb891480b91a00a0963a8cf86dfc31c1", size = 37480330 },
    { url = "https://files.pythonhosted.org/packages/39/e7/979fd14e75008623df31ba70d6bb144700f68feadcea042021c06a05bf82/scipy-1.18.1-cp312-cp312-win_amd64.whl", hash = "sha256:5e4d44984abc0020154ea81b247adeddcc3ac5527b975ff798bd1ba0adc513c2", size = 36658278 },
    { url = "https://files.pythonhosted.org/packages/c7/0b/e1525354ff9d7d5feb6d1b31af6d14072e5c91e9607b421fa1ec889660b3/scipy-1.18.1-cp312-cp312-win_arm64.whl", hash = "sha256:d65d448389b8436493abcf629cc94ad0cf32aecaf06e1acca1de53cc795f2f12", size = 24400588 },
]

[[package]]
name = "threadpoolctl"
version = "3.7.0"
source = { registry = "https://pypi.org/simple" }
sdist = { url = "https://files.pythonhosted.org/packages/00/dc/6c58154c1c65f758ea979e7139cb76993a9cfc662d14e9be3c4a667cfb77/threadpoolctl-3.7.0.tar.gz", hash = "sha256:61348cfb77d53b9242e0017029244b559b810c142ced65b4e21eeca1843959a7", size = 31961 }
wheels = [
    { url = "https://files.pythonhosted.org/packages/43/3f/f88a53f60a472b46f4023f56d204dd7de33d34c5d2acbfa0d70a674e639e/threadpoolctl-3.7.0-py3-none-any.whl", hash = "sha256:cd8b60b5641b45c67bbf73c64c843235fc2d8a480c87389f52f5dbee893b86be", size = 26362 },
]

[[package]]
name = "tomlkit"
version = "0.15.1"
source = { registry = "https://pypi.org/simple" }
sdist = { url = "https://files.pythonhosted.org/packages/94/96/e07752635b98536177fa1f37671c8f3cdde2e724c6bcf6034b2cfb571565/tomlkit-0.15.1.tar.gz", hash = "sha256:e25bbf38843005246210a12982776f27f99cb9be67160e14434d0c0d21ee1e97", size = 180129 }
wheels = [
    { url = "https://files.pythonhosted.org/packages/13/bc/8c13eb66537dce1d2bd3a57132902f38d0e7f5bb46fa9f4daed9fe9d76ee/tomlkit-0.15.1-py3-none-any.whl", hash = "sha256:177a05aece5a8ca5266fd3c448abb47b8d352f09d477d3ca8332db4d89b24304", size = 49449 },
]

[[package]]
name = "trove-classifiers"
version = "2026.6.1.19"
source = { registry = "https://pypi.org/simple" }
sdist = { url = "https://files.pythonhosted.org/packages/c2/e3/7ca82ee24c82d344584abd5b8637b3bd056f2900226e8d82fc22f1184b92/trove_classifiers-2026.6.1.19.tar.gz", hash = "sha256:c5132b4b61a829d11cfbd2d72e97f20a45ed6edb95e45c5efdeb5e00836b2745", size = 17059 }
wheels = [
    { url = "https://files.pythonhosted.org/packages/7c/a4/81502f486f01db95bc8320646a8a12511f5e556cb63d5e224d91816605c4/trove_classifiers-2026.6.1.19-py3-none-any.whl", hash = "sha256:ab4c4ec93cc4a4e7815fa759906e05e6bb3f2fbd92ea0f897288c6a43efd15b3", size = 14211 },
]

[[package]]
name = "typing-extensions"
version = "4.16.0"
source = { registry = "https://pypi.org/simple" }
sdist = { url = "https://files.pythonhosted.org/packages/f6/cc/6253133b5bb138fc3306cebfbda2c520f545d36b5be2c7255cc528bb45d6/typing_extensions-4.16.0.tar.gz", hash = "sha256:dc983d19a509c94dba722ee6abd33940f7c05a89e243c47e907eb4db6f1a43e5", size = 113555 }
wheels = [
    { url = "https://files.pythonhosted.org/packages/49/d3/b8441a820a491ddfc024b0b0cf0393375b75ea13866d9c66727e54c2fc80/typing_extensions-4.16.0-py3-none-any.whl", hash = "sha256:481caa481374e813c1b176ada14e97f1f67a4539ce9cfeb3f350d78d6370c2e8", size = 45571 },
]
